
Microsoft Visual Studio Solution File, Format Version 12.00
# Visual Studio Version 16
VisualStudioVersion = 16.0.29728.190
MinimumVisualStudioVersion = 10.0.40219.1
Project("{FAE04EC0-301F-11D3-BF4B-00C04F79EFBC}") = "ModLoader", "ModLoader\ModLoader.csproj", "{E72A9BEB-E4D5-46BA-BEC2-732A7F40B181}"
EndProject
Project("{FAE04EC0-301F-11D3-BF4B-00C04F79EFBC}") = "Injector", "Injector\Injector.csproj", "{3CEBFD62-57BB-47D9-8FEF-7807B56A09D3}"
EndProject
Project("{FAE04EC0-301F-11D3-BF4B-00C04F79EFBC}") = "ModLoaderTests", "ModLoaderTests\ModLoaderTests.csproj", "{9905D08E-AD37-418D-BC6D-BC81A41A311C}"
EndProject
Project("{FAE04EC0-301F-11D3-BF4B-00C04F79EFBC}") = "MainGUI", "MainGUI\MainGUI.csproj", "{65F0A307-B0B6-4F79-BF3C-1D10AEEDD4EB}"
	ProjectSection(ProjectDependencies) = postProject
		{3CEBFD62-57BB-47D9-8FEF-7807B56A09D3} = {3CEBFD62-57BB-47D9-8FEF-7807B56A09D3}
		{E72A9BEB-E4D5-46BA-BEC2-732A7F40B181} = {E72A9BEB-E4D5-46BA-BEC2-732A7F40B181}
	EndProjectSection
EndProject
Project("{2150E333-8FDC-42A3-9474-1A3956D46DE8}") = "Solution Items", "Solution Items", "{EC8E7D2B-BAD2-4FAD-BAB9-05B44662B849}"
	ProjectSection(SolutionItems) = preProject
		change_log.md = change_log.md
		design_doc.md = design_doc.md
		README.md = README.md
	EndProjectSection
EndProject
Global
	GlobalSection(SolutionConfigurationPlatforms) = preSolution
		Debug|Any CPU = Debug|Any CPU
		Release|Any CPU = Release|Any CPU
	EndGlobalSection
	GlobalSection(ProjectConfigurationPlatforms) = postSolution
		{E72A9BEB-E4D5-46BA-BEC2-732A7F40B181}.Debug|Any CPU.ActiveCfg = Debug|Any CPU
		{E72A9BEB-E4D5-46BA-BEC2-732A7F40B181}.Debug|Any CPU.Build.0 = Debug|Any CPU
		{E72A9BEB-E4D5-46BA-BEC2-732A7F40B181}.Release|Any CPU.ActiveCfg = Release|Any CPU
		{E72A9BEB-E4D5-46BA-BEC2-732A7F40B181}.Release|Any CPU.Build.0 = Release|Any CPU
		{3CEBFD62-57BB-47D9-8FEF-7807B56A09D3}.Debug|Any CPU.ActiveCfg = Debug|Any CPU
		{3CEBFD62-57BB-47D9-8FEF-7807B56A09D3}.Debug|Any CPU.Build.0 = Debug|Any CPU
		{3CEBFD62-57BB-47D9-8FEF-7807B56A09D3}.Release|Any CPU.ActiveCfg = Release|Any CPU
		{3CEBFD62-57BB-47D9-8FEF-7807B56A09D3}.Release|Any CPU.Build.0 = Release|Any CPU
		{9905D08E-AD37-418D-BC6D-BC81A41A311C}.Debug|Any CPU.ActiveCfg = Debug|Any CPU
		{9905D08E-AD37-418D-BC6D-BC81A41A311C}.Debug|Any CPU.Build.0 = Debug|Any CPU
		{9905D08E-AD37-418D-BC6D-BC81A41A311C}.Release|Any CPU.ActiveCfg = Release|Any CPU
		{9905D08E-AD37-418D-BC6D-BC81A41A311C}.Release|Any CPU.Build.0 = Release|Any CPU
		{65F0A307-B0B6-4F79-BF3C-1D10AEEDD4EB}.Debug|Any CPU.ActiveCfg = Debug|Any CPU
		{65F0A307-B0B6-4F79-BF3C-1D10AEEDD4EB}.Debug|Any CPU.Build.0 = Debug|Any CPU
		{65F0A307-B0B6-4F79-BF3C-1D10AEEDD4EB}.Release|Any CPU.ActiveCfg = Release|Any CPU
		{65F0A307-B0B6-4F79-BF3C-1D10AEEDD4EB}.Release|Any CPU.Build.0 = Release|Any CPU
	EndGlobalSection
	GlobalSection(SolutionProperties) = preSolution
		HideSolutionNode = FALSE
	EndGlobalSection
	GlobalSection(ExtensibilityGlobals) = postSolution
		SolutionGuid = {24E6CDE7-6A76-4FA2-8091-A1D65B62B66C}
	EndGlobalSection
EndGlobal
